// !$*UTF8*$!
{
	archiveVersion = 1;
	classes = {
	};
	objectVersion = 46;
	objects = {

/* Begin PBXBuildFile section */
		C255A87A1BC3BDFA006CE99D /* DiscoverController.m in Sources */ = {isa = PBXBuildFile; fileRef = C255A8791BC3BDFA006CE99D /* DiscoverController.m */; };
		C2FFA5191BC3B068004B69B0 /* main.m in Sources */ = {isa = PBXBuildFile; fileRef = C2FFA5181BC3B068004B69B0 /* main.m */; };
		C2FFA51E1BC3B068004B69B0 /* Images.xcassets in Resources */ = {isa = PBXBuildFile; fileRef = C2FFA51D1BC3B068004B69B0 /* Images.xcassets */; };
		C2FFA5211BC3B068004B69B0 /* LaunchScreen.xib in Resources */ = {isa = PBXBuildFile; fileRef = C2FFA51F1BC3B068004B69B0 /* LaunchScreen.xib */; };
		C2FFA52D1BC3B068004B69B0 /* FMTests.m in Sources */ = {isa = PBXBuildFile; fileRef = C2FFA52C1BC3B068004B69B0 /* FMTests.m */; };
		C2FFA5491BC3B4B4004B69B0 /* AppDelegate.m in Sources */ = {isa = PBXBuildFile; fileRef = C2FFA5421BC3B4B4004B69B0 /* AppDelegate.m */; };
/* End PBXBuildFile section */

/* Begin PBXContainerItemProxy section */
		C2FFA5271BC3B068004B69B0 /* PBXContainerItemProxy */ = {
			isa = PBXContainerItemProxy;
			containerPortal = C2FFA50B1BC3B068004B69B0 /* Project object */;
			proxyType = 1;
			remoteGlobalIDString = C2FFA5121BC3B068004B69B0;
			remoteInfo = FM;
		};
/* End PBXContainerItemProxy section */

/* Begin PBXFileReference section */
		C255A8781BC3BDFA006CE99D /* DiscoverController.h */ = {isa = PBXFileReference; fileEncoding = 4; lastKnownFileType = sourcecode.c.h; path = DiscoverController.h; sourceTree = SOURCE_ROOT; };
		C255A8791BC3BDFA006CE99D /* DiscoverController.m */ = {isa = PBXFileReference; fileEncoding = 4; lastKnownFileType = sourcecode.c.objc; path = DiscoverController.m; sourceTree = SOURCE_ROOT; };
		C2FFA5131BC3B068004B69B0 /* FM.app */ = {isa = PBXFileReference; explicitFileType = wrapper.application; includeInIndex = 0; path = FM.app; sourceTree = BUILT_PRODUCTS_DIR; };
		C2FFA5171BC3B068004B69B0 /* Info.plist */ = {isa = PBXFileReference; lastKnownFileType = text.plist.xml; path = Info.plist; sourceTree = "<group>"; };
		C2FFA5181BC3B068004B69B0 /* main.m */ = {isa = PBXFileReference; lastKnownFileType = sourcecode.c.objc; path = main.m; sourceTree = "<group>"; };
		C2FFA51D1BC3B068004B69B0 /* Images.xcassets */ = {isa = PBXFileReference; lastKnownFileType = folder.assetcatalog; path = Images.xcassets; sourceTree = "<group>"; };
		C2FFA5201BC3B068004B69B0 /* Base */ = {isa = PBXFileReference; lastKnownFileType = file.xib; name = Base; path = Base.lproj/LaunchScreen.xib; sourceTree = "<group>"; };
		C2FFA5261BC3B068004B69B0 /* FMTests.xctest */ = {isa = PBXFileReference; explicitFileType = wrapper.cfbundle; includeInIndex = 0; path = FMTests.xctest; sourceTree = BUILT_PRODUCTS_DIR; };
		C2FFA52B1BC3B068004B69B0 /* Info.plist */ = {isa = PBXFileReference; lastKnownFileType = text.plist.xml; path = Info.plist; sourceTree = "<group>"; };
		C2FFA52C1BC3B068004B69B0 /* FMTests.m */ = {isa = PBXFileReference; lastKnownFileType = sourcecode.c.objc; path = FMTests.m; sourceTree = "<group>"; };
		C2FFA5411BC3B4B4004B69B0 /* AppDelegate.h */ = {isa = PBXFileReference; fileEncoding = 4; lastKnownFileType = sourcecode.c.h; path = AppDelegate.h; sourceTree = "<group>"; };
		C2FFA5421BC3B4B4004B69B0 /* AppDelegate.m */ = {isa = PBXFileReference; fileEncoding = 4; lastKnownFileType = sourcecode.c.objc; path = AppDelegate.m; sourceTree = "<group>"; };
		C2FFA54A1BC3B6FA004B69B0 /* FM.pch */ = {isa = PBXFileReference; lastKnownFileType = sourcecode.c.h; path = FM.pch; sourceTree = "<group>"; };
/* End PBXFileReference section */

/* Begin PBXFrameworksBuildPhase section */
		C2FFA5101BC3B068004B69B0 /* Frameworks */ = {
			isa = PBXFrameworksBuildPhase;
			buildActionMask = 2147483647;
			files = (
			);
			runOnlyForDeploymentPostprocessing = 0;
		};
		C2FFA5231BC3B068004B69B0 /* Frameworks */ = {
			isa = PBXFrameworksBuildPhase;
			buildActionMask = 2147483647;
			files = (
			);
			runOnlyForDeploymentPostprocessing = 0;
		};
/* End PBXFrameworksBuildPhase section */

/* Begin PBXGroup section */
		C2FFA50A1BC3B068004B69B0 = {
			isa = PBXGroup;
			children = (
				C2FFA5151BC3B068004B69B0 /* FM */,
				C2FFA5291BC3B068004B69B0 /* FMTests */,
				C2FFA5141BC3B068004B69B0 /* Products */,
			);
			sourceTree = "<group>";
		};
		C2FFA5141BC3B068004B69B0 /* Products */ = {
			isa = PBXGroup;
			children = (
				C2FFA5131BC3B068004B69B0 /* FM.app */,
				C2FFA5261BC3B068004B69B0 /* FMTests.xctest */,
			);
			name = Products;
			sourceTree = "<group>";
		};
		C2FFA5151BC3B068004B69B0 /* FM */ = {
			isa = PBXGroup;
			children = (
				C2FFA5401BC3B4B4004B69B0 /* AppDelegate */,
				C2FFA5431BC3B4B4004B69B0 /* Discover */,
				C2FFA5471BC3B4B4004B69B0 /* Radio */,
				C2FFA5441BC3B4B4004B69B0 /* Mine */,
				C2FFA5461BC3B4B4004B69B0 /* Player */,
				C2FFA5451BC3B4B4004B69B0 /* Other */,
				C2FFA5481BC3B4B4004B69B0 /* Resource */,
				C2FFA51D1BC3B068004B69B0 /* Images.xcassets */,
				C2FFA51F1BC3B068004B69B0 /* LaunchScreen.xib */,
				C2FFA5161BC3B068004B69B0 /* Supporting Files */,
			);
			path = FM;
			sourceTree = "<group>";
		};
		C2FFA5161BC3B068004B69B0 /* Supporting Files */ = {
			isa = PBXGroup;
			children = (
				C2FFA5171BC3B068004B69B0 /* Info.plist */,
				C2FFA5181BC3B068004B69B0 /* main.m */,
				C2FFA54A1BC3B6FA004B69B0 /* FM.pch */,
			);
			name = "Supporting Files";
			sourceTree = "<group>";
		};
		C2FFA5291BC3B068004B69B0 /* FMTests */ = {
			isa = PBXGroup;
			children = (
				C2FFA52C1BC3B068004B69B0 /* FMTests.m */,
				C2FFA52A1BC3B068004B69B0 /* Supporting Files */,
			);
			path = FMTests;
			sourceTree = "<group>";
		};
		C2FFA52A1BC3B068004B69B0 /* Supporting Files */ = {
			isa = PBXGroup;
			children = (
				C2FFA52B1BC3B068004B69B0 /* Info.plist */,
			);
			name = "Supporting Files";
			sourceTree = "<group>";
		};
		C2FFA5401BC3B4B4004B69B0 /* AppDelegate */ = {
			isa = PBXGroup;
			children = (
				C2FFA5411BC3B4B4004B69B0 /* AppDelegate.h */,
				C2FFA5421BC3B4B4004B69B0 /* AppDelegate.m */,
			);
			path = AppDelegate;
			sourceTree = "<group>";
		};
		C2FFA5431BC3B4B4004B69B0 /* Discover */ = {
			isa = PBXGroup;
			children = (
				C2FFA54B1BC3BAAD004B69B0 /* Controller */,
				C2FFA54C1BC3BAAD004B69B0 /* Model */,
				C2FFA54D1BC3BAAD004B69B0 /* View */,
			);
			path = Discover;
			sourceTree = "<group>";
		};
		C2FFA5441BC3B4B4004B69B0 /* Mine */ = {
			isa = PBXGroup;
			children = (
				C2FFA5511BC3BAC7004B69B0 /* Controller */,
				C2FFA5521BC3BAC7004B69B0 /* Model */,
				C2FFA5531BC3BAC7004B69B0 /* View */,
			);
			path = Mine;
			sourceTree = "<group>";
		};
		C2FFA5451BC3B4B4004B69B0 /* Other */ = {
			isa = PBXGroup;
			children = (
			);
			path = Other;
			sourceTree = "<group>";
		};
		C2FFA5461BC3B4B4004B69B0 /* Player */ = {
			isa = PBXGroup;
			children = (
				C2FFA5541BC3BAD2004B69B0 /* Controller */,
				C2FFA5551BC3BAD2004B69B0 /* Model */,
				C2FFA5561BC3BAD2004B69B0 /* View */,
			);
			path = Player;
			sourceTree = "<group>";
		};
		C2FFA5471BC3B4B4004B69B0 /* Radio */ = {
			isa = PBXGroup;
			children = (
				C2FFA54E1BC3BABD004B69B0 /* Controller */,
				C2FFA54F1BC3BABD004B69B0 /* Model */,
				C2FFA5501BC3BABD004B69B0 /* View */,
			);
			path = Radio;
			sourceTree = "<group>";
		};
		C2FFA5481BC3B4B4004B69B0 /* Resource */ = {
			isa = PBXGroup;
			children = (
			);
			path = Resource;
			sourceTree = "<group>";
		};
		C2FFA54B1BC3BAAD004B69B0 /* Controller */ = {
			isa = PBXGroup;
			children = (
				C255A8781BC3BDFA006CE99D /* DiscoverController.h */,
				C255A8791BC3BDFA006CE99D /* DiscoverController.m */,
			);
			path = Controller;
			sourceTree = "<group>";
		};
		C2FFA54C1BC3BAAD004B69B0 /* Model */ = {
			isa = PBXGroup;
			children = (
			);
			path = Model;
			sourceTree = "<group>";
		};
		C2FFA54D1BC3BAAD004B69B0 /* View */ = {
			isa = PBXGroup;
			children = (
			);
			path = View;
			sourceTree = "<group>";
		};
		C2FFA54E1BC3BABD004B69B0 /* Controller */ = {
			isa = PBXGroup;
			children = (
			);
			path = Controller;
			sourceTree = "<group>";
		};
		C2FFA54F1BC3BABD004B69B0 /* Model */ = {
			isa = PBXGroup;
			children = (
			);
			path = Model;
			sourceTree = "<group>";
		};
		C2FFA5501BC3BABD004B69B0 /* View */ = {
			isa = PBXGroup;
			children = (
			);
			path = View;
			sourceTree = "<group>";
		};
		C2FFA5511BC3BAC7004B69B0 /* Controller */ = {
			isa = PBXGroup;
			children = (
			);
			path = Controller;
			sourceTree = "<group>";
		};
		C2FFA5521BC3BAC7004B69B0 /* Model */ = {
			isa = PBXGroup;
			children = (
			);
			path = Model;
			sourceTree = "<group>";
		};
		C2FFA5531BC3BAC7004B69B0 /* View */ = {
			isa = PBXGroup;
			children = (
			);
			path = View;
			sourceTree = "<group>";
		};
		C2FFA5541BC3BAD2004B69B0 /* Controller */ = {
			isa = PBXGroup;
			children = (
			);
			path = Controller;
			sourceTree = "<group>";
		};
		C2FFA5551BC3BAD2004B69B0 /* Model */ = {
			isa = PBXGroup;
			children = (
			);
			path = Model;
			sourceTree = "<group>";
		};
		C2FFA5561BC3BAD2004B69B0 /* View */ = {
			isa = PBXGroup;
			children = (
			);
			path = View;
			sourceTree = "<group>";
		};
/* End PBXGroup section */

/* Begin PBXNativeTarget section */
		C2FFA5121BC3B068004B69B0 /* FM */ = {
			isa = PBXNativeTarget;
			buildConfigurationList = C2FFA5301BC3B068004B69B0 /* Build configuration list for PBXNativeTarget "FM" */;
			buildPhases = (
				C2FFA50F1BC3B068004B69B0 /* Sources */,
				C2FFA5101BC3B068004B69B0 /* Frameworks */,
				C2FFA5111BC3B068004B69B0 /* Resources */,
			);
			buildRules = (
			);
			dependencies = (
			);
			name = FM;
			productName = FM;
			productReference = C2FFA5131BC3B068004B69B0 /* FM.app */;
			productType = "com.apple.product-type.application";
		};
		C2FFA5251BC3B068004B69B0 /* FMTests */ = {
			isa = PBXNativeTarget;
			buildConfigurationList = C2FFA5331BC3B068004B69B0 /* Build configuration list for PBXNativeTarget "FMTests" */;
			buildPhases = (
				C2FFA5221BC3B068004B69B0 /* Sources */,
				C2FFA5231BC3B068004B69B0 /* Frameworks */,
				C2FFA5241BC3B068004B69B0 /* Resources */,
			);
			buildRules = (
			);
			dependencies = (
				C2FFA5281BC3B068004B69B0 /* PBXTargetDependency */,
			);
			name = FMTests;
			productName = FMTests;
			productReference = C2FFA5261BC3B068004B69B0 /* FMTests.xctest */;
			productType = "com.apple.product-type.bundle.unit-test";
		};
/* End PBXNativeTarget section */

/* Begin PBXProject section */
		C2FFA50B1BC3B068004B69B0 /* Project object */ = {
			isa = PBXProject;
			attributes = {
				LastUpgradeCheck = 0640;
				ORGANIZATIONNAME = YT;
				TargetAttributes = {
					C2FFA5121BC3B068004B69B0 = {
						CreatedOnToolsVersion = 6.4;
					};
					C2FFA5251BC3B068004B69B0 = {
						CreatedOnToolsVersion = 6.4;
						TestTargetID = C2FFA5121BC3B068004B69B0;
					};
				};
			};
			buildConfigurationList = C2FFA50E1BC3B068004B69B0 /* Build configuration list for PBXProject "FM" */;
			compatibilityVersion = "Xcode 3.2";
			developmentRegion = English;
			hasScannedForEncodings = 0;
			knownRegions = (
				en,
				Base,
			);
			mainGroup = C2FFA50A1BC3B068004B69B0;
			productRefGroup = C2FFA5141BC3B068004B69B0 /* Products */;
			projectDirPath = "";
			projectRoot = "";
			targets = (
				C2FFA5121BC3B068004B69B0 /* FM */,
				C2FFA5251BC3B068004B69B0 /* FMTests */,
			);
		};
/* End PBXProject section */

/* Begin PBXResourcesBuildPhase section */
		C2FFA5111BC3B068004B69B0 /* Resources */ = {
			isa = PBXResourcesBuildPhase;
			buildActionMask = 2147483647;
			files = (
				C2FFA5211BC3B068004B69B0 /* LaunchScreen.xib in Resources */,
				C2FFA51E1BC3B068004B69B0 /* Images.xcassets in Resources */,
			);
			runOnlyForDeploymentPostprocessing = 0;
		};
		C2FFA5241BC3B068004B69B0 /* Resources */ = {
			isa = PBXResourcesBuildPhase;
			buildActionMask = 2147483647;
			files = (
			);
			runOnlyForDeploymentPostprocessing = 0;
		};
/* End PBXResourcesBuildPhase section */

/* Begin PBXSourcesBuildPhase section */
		C2FFA50F1BC3B068004B69B0 /* Sources */ = {
			isa = PBXSourcesBuildPhase;
			buildActionMask = 2147483647;
			files = (
				C255A87A1BC3BDFA006CE99D /* DiscoverController.m in Sources */,
				C2FFA5191BC3B068004B69B0 /* main.m in Sources */,
				C2FFA5491BC3B4B4004B69B0 /* AppDelegate.m in Sources */,
			);
			runOnlyForDeploymentPostprocessing = 0;
		};
		C2FFA5221BC3B068004B69B0 /* Sources */ = {
			isa = PBXSourcesBuildPhase;
			buildActionMask = 2147483647;
			files = (
				C2FFA52D1BC3B068004B69B0 /* FMTests.m in Sources */,
			);
			runOnlyForDeploymentPostprocessing = 0;
		};
/* End PBXSourcesBuildPhase section */

/* Begin PBXTargetDependency section */
		C2FFA5281BC3B068004B69B0 /* PBXTargetDependency */ = {
			isa = PBXTargetDependency;
			target = C2FFA5121BC3B068004B69B0 /* FM */;
			targetProxy = C2FFA5271BC3B068004B69B0 /* PBXContainerItemProxy */;
		};
/* End PBXTargetDependency section */

/* Begin PBXVariantGroup section */
		C2FFA51F1BC3B068004B69B0 /* LaunchScreen.xib */ = {
			isa = PBXVariantGroup;
			children = (
				C2FFA5201BC3B068004B69B0 /* Base */,
			);
			name = LaunchScreen.xib;
			sourceTree = "<group>";
		};
/* End PBXVariantGroup section */

/* Begin XCBuildConfiguration section */
		C2FFA52E1BC3B068004B69B0 /* Debug */ = {
			isa = XCBuildConfiguration;
			buildSettings = {
				ALWAYS_SEARCH_USER_PATHS = NO;
				CLANG_CXX_LANGUAGE_STANDARD = "gnu++0x";
				CLANG_CXX_LIBRARY = "libc++";
				CLANG_ENABLE_MODULES = YES;
				CLANG_ENABLE_OBJC_ARC = YES;
				CLANG_WARN_BOOL_CONVERSION = YES;
				CLANG_WARN_CONSTANT_CONVERSION = YES;
				CLANG_WARN_DIRECT_OBJC_ISA_USAGE = YES_ERROR;
				CLANG_WARN_EMPTY_BODY = YES;
				CLANG_WARN_ENUM_CONVERSION = YES;
				CLANG_WARN_INT_CONVERSION = YES;
				CLANG_WARN_OBJC_ROOT_CLASS = YES_ERROR;
				CLANG_WARN_UNREACHABLE_CODE = YES;
				CLANG_WARN__DUPLICATE_METHOD_MATCH = YES;
				"CODE_SIGN_IDENTITY[sdk=iphoneos*]" = "iPhone Developer";
				COPY_PHASE_STRIP = NO;
				DEBUG_INFORMATION_FORMAT = "dwarf-with-dsym";
				ENABLE_STRICT_OBJC_MSGSEND = YES;
				GCC_C_LANGUAGE_STANDARD = gnu99;
				GCC_DYNAMIC_NO_PIC = NO;
				GCC_NO_COMMON_BLOCKS = YES;
				GCC_OPTIMIZATION_LEVEL = 0;
				GCC_PREPROCESSOR_DEFINITIONS = (
					"DEBUG=1",
					"$(inherited)",
				);
				GCC_SYMBOLS_PRIVATE_EXTERN = NO;
				GCC_WARN_64_TO_32_BIT_CONVERSION = YES;
				GCC_WARN_ABOUT_RETURN_TYPE = YES_ERROR;
				GCC_WARN_UNDECLARED_SELECTOR = YES;
				GCC_WARN_UNINITIALIZED_AUTOS = YES_AGGRESSIVE;
				GCC_WARN_UNUSED_FUNCTION = YES;
				GCC_WARN_UNUSED_VARIABLE = YES;
				IPHONEOS_DEPLOYMENT_TARGET = 8.4;
				MTL_ENABLE_DEBUG_INFO = YES;
				ONLY_ACTIVE_ARCH = YES;
				SDKROOT = iphoneos;
			};
			name = Debug;
		};
		C2FFA52F1BC3B068004B69B0 /* Release */ = {
			isa = XCBuildConfiguration;
			buildSettings = {
				ALWAYS_SEARCH_USER_PATHS = NO;
				CLANG_CXX_LANGUAGE_STANDARD = "gnu++0x";
				CLANG_CXX_LIBRARY = "libc++";
				CLANG_ENABLE_MODULES = YES;
				CLANG_ENABLE_OBJC_ARC = YES;
				CLANG_WARN_BOOL_CONVERSION = YES;
				CLANG_WARN_CONSTANT_CONVERSION = YES;
				CLANG_WARN_DIRECT_OBJC_ISA_USAGE = YES_ERROR;
				CLANG_WARN_EMPTY_BODY = YES;
				CLANG_WARN_ENUM_CONVERSION = YES;
				CLANG_WARN_INT_CONVERSION = YES;
				CLANG_WARN_OBJC_ROOT_CLASS = YES_ERROR;
				CLANG_WARN_UNREACHABLE_CODE = YES;
				CLANG_WARN__DUPLICATE_METHOD_MATCH = YES;
				"CODE_SIGN_IDENTITY[sdk=iphoneos*]" = "iPhone Developer";
				COPY_PHASE_STRIP = NO;
				DEBUG_INFORMATION_FORMAT = "dwarf-with-dsym";
				ENABLE_NS_ASSERTIONS = NO;
				ENABLE_STRICT_OBJC_MSGSEND = YES;
				GCC_C_LANGUAGE_STANDARD = gnu99;
				GCC_NO_COMMON_BLOCKS = YES;
				GCC_WARN_64_TO_32_BIT_CONVERSION = YES;
				GCC_WARN_ABOUT_RETURN_TYPE = YES_ERROR;
				GCC_WARN_UNDECLARED_SELECTOR = YES;
				GCC_WARN_UNINITIALIZED_AUTOS = YES_AGGRESSIVE;
				GCC_WARN_UNUSED_FUNCTION = YES;
				GCC_WARN_UNUSED_VARIABLE = YES;
				IPHONEOS_DEPLOYMENT_TARGET = 8.4;
				MTL_ENABLE_DEBUG_INFO = NO;
				SDKROOT = iphoneos;
				VALIDATE_PRODUCT = YES;
			};
			name = Release;
		};
		C2FFA5311BC3B068004B69B0 /* Debug */ = {
			isa = XCBuildConfiguration;
			buildSettings = {
				ASSETCATALOG_COMPILER_APPICON_NAME = AppIcon;
				GCC_PREFIX_HEADER = FM/FM.pch;
				INFOPLIST_FILE = FM/Info.plist;
				LD_RUNPATH_SEARCH_PATHS = "$(inherited) @executable_path/Frameworks";
				PRODUCT_NAME = "$(TARGET_NAME)";
			};
			name = Debug;
		};
		C2FFA5321BC3B068004B69B0 /* Release */ = {
			isa = XCBuildConfiguration;
			buildSettings = {
				ASSETCATALOG_COMPILER_APPICON_NAME = AppIcon;
				GCC_PREFIX_HEADER = FM/FM.pch;
				INFOPLIST_FILE = FM/Info.plist;
				LD_RUNPATH_SEARCH_PATHS = "$(inherited) @executable_path/Frameworks";
				PRODUCT_NAME = "$(TARGET_NAME)";
			};
			name = Release;
		};
		C2FFA5341BC3B068004B69B0 /* Debug */ = {
			isa = XCBuildConfiguration;
			buildSettings = {
				BUNDLE_LOADER = "$(TEST_HOST)";
				FRAMEWORK_SEARCH_PATHS = (
					"$(SDKROOT)/Developer/Library/Frameworks",
					"$(inherited)",
				);
				GCC_PREPROCESSOR_DEFINITIONS = (
					"DEBUG=1",
					"$(inherited)",
				);
				INFOPLIST_FILE = FMTests/Info.plist;
				LD_RUNPATH_SEARCH_PATHS = "$(inherited) @executable_path/Frameworks @loader_path/Frameworks";
				PRODUCT_NAME = "$(TARGET_NAME)";
				TEST_HOST = "$(BUILT_PRODUCTS_DIR)/FM.app/FM";
			};
			name = Debug;
		};
		C2FFA5351BC3B068004B69B0 /* Release */ = {
			isa = XCBuildConfiguration;
			buildSettings = {
				BUNDLE_LOADER = "$(TEST_HOST)";
				FRAMEWORK_SEARCH_PATHS = (
					"$(SDKROOT)/Developer/Library/Frameworks",
					"$(inherited)",
				);
				INFOPLIST_FILE = FMTests/Info.plist;
				LD_RUNPATH_SEARCH_PATHS = "$(inherited) @executable_path/Frameworks @loader_path/Frameworks";
				PRODUCT_NAME = "$(TARGET_NAME)";
				TEST_HOST = "$(BUILT_PRODUCTS_DIR)/FM.app/FM";
			};
			name = Release;
		};
/* End XCBuildConfiguration section */

/* Begin XCConfigurationList section */
		C2FFA50E1BC3B068004B69B0 /* Build configuration list for PBXProject "FM" */ = {
			isa = XCConfigurationList;
			buildConfigurations = (
				C2FFA52E1BC3B068004B69B0 /* Debug */,
				C2FFA52F1BC3B068004B69B0 /* Release */,
			);
			defaultConfigurationIsVisible = 0;
			defaultConfigurationName = Release;
		};
		C2FFA5301BC3B068004B69B0 /* Build configuration list for PBXNativeTarget "FM" */ = {
			isa = XCConfigurationList;
			buildConfigurations = (
				C2FFA5311BC3B068004B69B0 /* Debug */,
				C2FFA5321BC3B068004B69B0 /* Release */,
			);
			defaultConfigurationIsVisible = 0;
			defaultConfigurationName = Release;
		};
		C2FFA5331BC3B068004B69B0 /* Build configuration list for PBXNativeTarget "FMTests" */ = {
			isa = XCConfigurationList;
			buildConfigurations = (
				C2FFA5341BC3B068004B69B0 /* Debug */,
				C2FFA5351BC3B068004B69B0 /* Release */,
			);
			defaultConfigurationIsVisible = 0;
			defaultConfigurationName = Release;
		};
/* End XCConfigurationList section */
	};
	rootObject = C2FFA50B1BC3B068004B69B0 /* Project object */;
}
